
Microsoft Visual Studio Solution File, Format Version 12.00
# Visual Studio Version 16
VisualStudioVersion = 16.0.29926.136
MinimumVisualStudioVersion = 10.0.40219.1
Project("{FAE04EC0-301F-11D3-BF4B-00C04F79EFBC}") = "Building", "Building\Building.csproj", "{27EA01F6-D1DE-4E6F-9E7C-902FFD5CC7B4}"
EndProject
Global
	GlobalSection(SolutionConfigurationPlatforms) = preSolution
		Debug|Any CPU = Debug|Any CPU
		Release|Any CPU = Release|Any CPU
	EndGlobalSection
	GlobalSection(ProjectConfigurationPlatforms) = postSolution
		{27EA01F6-D1DE-4E6F-9E7C-902FFD5CC7B4}.Debug|Any CPU.ActiveCfg = Debug|Any CPU
		{27EA01F6-D1DE-4E6F-9E7C-902FFD5CC7B4}.Debug|Any CPU.Build.0 = Debug|Any CPU
		{27EA01F6-D1DE-4E6F-9E7C-902FFD5CC7B4}.Release|Any CPU.ActiveCfg = Release|Any CPU
		{27EA01F6-D1DE-4E6F-9E7C-902FFD5CC7B4}.Release|Any CPU.Build.0 = Release|Any CPU
	EndGlobalSection
	GlobalSection(SolutionProperties) = preSolution
		HideSolutionNode = FALSE
	EndGlobalSection
	GlobalSection(ExtensibilityGlobals) = postSolution
		SolutionGuid = {9354EAAE-F463-4CB6-88B8-41B816C98A44}
	EndGlobalSection
EndGlobal
